
Microsoft Visual Studio Solution File, Format Version 12.00
# Visual Studio Version 17
VisualStudioVersion = 17.7.34018.315
MinimumVisualStudioVersion = 10.0.40219.1
Project("{9A19103F-16F7-4668-BE54-9A1E7A4F7556}") = "SampleAzureApp", "SampleAzureApp\SampleAzureApp.csproj", "{171B73E4-E88E-4A0D-AE0F-7D0F11399D8F}"
EndProject
Project("{9A19103F-16F7-4668-BE54-9A1E7A4F7556}") = "Blazor.AzureCosmosDb.Demo", "Blazor.AzureCosmosDb.Demo\Blazor.AzureCosmosDb.Demo.csproj", "{879FAE32-87CB-4615-9E3D-405C44D70F00}"
EndProject
Global
	GlobalSection(SolutionConfigurationPlatforms) = preSolution
		Debug|Any CPU = Debug|Any CPU
		Release|Any CPU = Release|Any CPU
	EndGlobalSection
	GlobalSection(ProjectConfigurationPlatforms) = postSolution
		{171B73E4-E88E-4A0D-AE0F-7D0F11399D8F}.Debug|Any CPU.ActiveCfg = Debug|Any CPU
		{171B73E4-E88E-4A0D-AE0F-7D0F11399D8F}.Debug|Any CPU.Build.0 = Debug|Any CPU
		{171B73E4-E88E-4A0D-AE0F-7D0F11399D8F}.Release|Any CPU.ActiveCfg = Release|Any CPU
		{171B73E4-E88E-4A0D-AE0F-7D0F11399D8F}.Release|Any CPU.Build.0 = Release|Any CPU
		{879FAE32-87CB-4615-9E3D-405C44D70F00}.Debug|Any CPU.ActiveCfg = Debug|Any CPU
		{879FAE32-87CB-4615-9E3D-405C44D70F00}.Debug|Any CPU.Build.0 = Debug|Any CPU
		{879FAE32-87CB-4615-9E3D-405C44D70F00}.Release|Any CPU.ActiveCfg = Release|Any CPU
		{879FAE32-87CB-4615-9E3D-405C44D70F00}.Release|Any CPU.Build.0 = Release|Any CPU
	EndGlobalSection
	GlobalSection(SolutionProperties) = preSolution
		HideSolutionNode = FALSE
	EndGlobalSection
	GlobalSection(ExtensibilityGlobals) = postSolution
		SolutionGuid = {1BFECBA1-D1D5-44F3-A869-A338727C552B}
	EndGlobalSection
EndGlobal
