
Microsoft Visual Studio Solution File, Format Version 12.00
# Visual Studio Version 17
VisualStudioVersion = 17.7.34018.315
MinimumVisualStudioVersion = 10.0.40219.1
Project("{9A19103F-16F7-4668-BE54-9A1E7A4F7556}") = "SampleAzureApp", "SampleAzureApp\SampleAzureApp.csproj", "{171B73E4-E88E-4A0D-AE0F-7D0F11399D8F}"
EndProject
Project("{9A19103F-16F7-4668-BE54-9A1E7A4F7556}") = "Blazor.AzureCosmosDb.Demo", "Blazor.AzureCosmosDb.Demo\Blazor.AzureCosmosDb.Demo.csproj", "{879FAE32-87CB-4615-9E3D-405C44D70F00}"
EndProject
Project("{9A19103F-16F7-4668-BE54-9A1E7A4F7556}") = "Mvc.StorageAccount.Demo", "Mvc.StorageAccount.Demo\Mvc.StorageAccount.Demo.csproj", "{A761BCCB-0B67-4650-9CE6-0F7B41B63B20}"
EndProject
Project("{9A19103F-16F7-4668-BE54-9A1E7A4F7556}") = "Console.QueueConsumer.Demo", "Console.QueueConsumer.Demo\Console.QueueConsumer.Demo.csproj", "{ED461368-C5E5-4E06-9D18-0E8A0EA5E069}"
EndProject
Project("{9A19103F-16F7-4668-BE54-9A1E7A4F7556}") = "Console.ServiceBusSender.Demo", "Console.ServiceBusSender.Demo\Console.ServiceBusSender.Demo.csproj", "{2C3FF49D-B510-473E-BDE1-E82077CF4116}"
EndProject
Project("{9A19103F-16F7-4668-BE54-9A1E7A4F7556}") = "Console.ServiceBusReceiver.Demo", "Console.ServiceBusReceiver.Demo\Console.ServiceBusReceiver.Demo.csproj", "{BD48EC9B-2BB8-49CD-847D-07D47FA6B0BD}"
EndProject
Project("{9A19103F-16F7-4668-BE54-9A1E7A4F7556}") = "FunctionApp.Demo", "FunctionApp.Demo\FunctionApp.Demo.csproj", "{B97F1D20-489B-4E40-9C5B-CACB5642AB29}"
EndProject
Global
	GlobalSection(SolutionConfigurationPlatforms) = preSolution
		Debug|Any CPU = Debug|Any CPU
		Release|Any CPU = Release|Any CPU
	EndGlobalSection
	GlobalSection(ProjectConfigurationPlatforms) = postSolution
		{171B73E4-E88E-4A0D-AE0F-7D0F11399D8F}.Debug|Any CPU.ActiveCfg = Debug|Any CPU
		{171B73E4-E88E-4A0D-AE0F-7D0F11399D8F}.Debug|Any CPU.Build.0 = Debug|Any CPU
		{171B73E4-E88E-4A0D-AE0F-7D0F11399D8F}.Release|Any CPU.ActiveCfg = Release|Any CPU
		{171B73E4-E88E-4A0D-AE0F-7D0F11399D8F}.Release|Any CPU.Build.0 = Release|Any CPU
		{879FAE32-87CB-4615-9E3D-405C44D70F00}.Debug|Any CPU.ActiveCfg = Debug|Any CPU
		{879FAE32-87CB-4615-9E3D-405C44D70F00}.Debug|Any CPU.Build.0 = Debug|Any CPU
		{879FAE32-87CB-4615-9E3D-405C44D70F00}.Release|Any CPU.ActiveCfg = Release|Any CPU
		{879FAE32-87CB-4615-9E3D-405C44D70F00}.Release|Any CPU.Build.0 = Release|Any CPU
		{A761BCCB-0B67-4650-9CE6-0F7B41B63B20}.Debug|Any CPU.ActiveCfg = Debug|Any CPU
		{A761BCCB-0B67-4650-9CE6-0F7B41B63B20}.Debug|Any CPU.Build.0 = Debug|Any CPU
		{A761BCCB-0B67-4650-9CE6-0F7B41B63B20}.Release|Any CPU.ActiveCfg = Release|Any CPU
		{A761BCCB-0B67-4650-9CE6-0F7B41B63B20}.Release|Any CPU.Build.0 = Release|Any CPU
		{ED461368-C5E5-4E06-9D18-0E8A0EA5E069}.Debug|Any CPU.ActiveCfg = Debug|Any CPU
		{ED461368-C5E5-4E06-9D18-0E8A0EA5E069}.Debug|Any CPU.Build.0 = Debug|Any CPU
		{ED461368-C5E5-4E06-9D18-0E8A0EA5E069}.Release|Any CPU.ActiveCfg = Release|Any CPU
		{ED461368-C5E5-4E06-9D18-0E8A0EA5E069}.Release|Any CPU.Build.0 = Release|Any CPU
		{2C3FF49D-B510-473E-BDE1-E82077CF4116}.Debug|Any CPU.ActiveCfg = Debug|Any CPU
		{2C3FF49D-B510-473E-BDE1-E82077CF4116}.Debug|Any CPU.Build.0 = Debug|Any CPU
		{2C3FF49D-B510-473E-BDE1-E82077CF4116}.Release|Any CPU.ActiveCfg = Release|Any CPU
		{2C3FF49D-B510-473E-BDE1-E82077CF4116}.Release|Any CPU.Build.0 = Release|Any CPU
		{BD48EC9B-2BB8-49CD-847D-07D47FA6B0BD}.Debug|Any CPU.ActiveCfg = Debug|Any CPU
		{BD48EC9B-2BB8-49CD-847D-07D47FA6B0BD}.Debug|Any CPU.Build.0 = Debug|Any CPU
		{BD48EC9B-2BB8-49CD-847D-07D47FA6B0BD}.Release|Any CPU.ActiveCfg = Release|Any CPU
		{BD48EC9B-2BB8-49CD-847D-07D47FA6B0BD}.Release|Any CPU.Build.0 = Release|Any CPU
		{B97F1D20-489B-4E40-9C5B-CACB5642AB29}.Debug|Any CPU.ActiveCfg = Debug|Any CPU
		{B97F1D20-489B-4E40-9C5B-CACB5642AB29}.Debug|Any CPU.Build.0 = Debug|Any CPU
		{B97F1D20-489B-4E40-9C5B-CACB5642AB29}.Release|Any CPU.ActiveCfg = Release|Any CPU
		{B97F1D20-489B-4E40-9C5B-CACB5642AB29}.Release|Any CPU.Build.0 = Release|Any CPU
	EndGlobalSection
	GlobalSection(SolutionProperties) = preSolution
		HideSolutionNode = FALSE
	EndGlobalSection
	GlobalSection(ExtensibilityGlobals) = postSolution
		SolutionGuid = {1BFECBA1-D1D5-44F3-A869-A338727C552B}
	EndGlobalSection
EndGlobal
